
Microsoft Visual Studio Solution File, Format Version 11.00
# Visual Studio 2010
Project("{FAE04EC0-301F-11D3-BF4B-00C04F79EFBC}") = "Punku", "punku\Punku.csproj", "{09D942E9-3228-4FB0-A1C0-64969E2322BF}"
EndProject
Project("{FAE04EC0-301F-11D3-BF4B-00C04F79EFBC}") = "PunkuTests", "PunkuTests\PunkuTests.csproj", "{55E06305-C6B6-492D-A394-A11238A495CF}"
EndProject
Global
	GlobalSection(SolutionConfigurationPlatforms) = preSolution
		Debug|x86 = Debug|x86
		Release|x86 = Release|x86
	EndGlobalSection
	GlobalSection(ProjectConfigurationPlatforms) = postSolution
		{09D942E9-3228-4FB0-A1C0-64969E2322BF}.Debug|x86.ActiveCfg = Debug|x86
		{09D942E9-3228-4FB0-A1C0-64969E2322BF}.Debug|x86.Build.0 = Debug|x86
		{09D942E9-3228-4FB0-A1C0-64969E2322BF}.Release|x86.ActiveCfg = Release|x86
		{09D942E9-3228-4FB0-A1C0-64969E2322BF}.Release|x86.Build.0 = Release|x86
		{55E06305-C6B6-492D-A394-A11238A495CF}.Debug|x86.ActiveCfg = Debug|x86
		{55E06305-C6B6-492D-A394-A11238A495CF}.Debug|x86.Build.0 = Debug|x86
		{55E06305-C6B6-492D-A394-A11238A495CF}.Release|x86.ActiveCfg = Release|x86
		{55E06305-C6B6-492D-A394-A11238A495CF}.Release|x86.Build.0 = Release|x86
	EndGlobalSection
	GlobalSection(MonoDevelopProperties) = preSolution
		StartupItem = punku\Punku.csproj
	EndGlobalSection
EndGlobal
